
Microsoft Visual Studio Solution File, Format Version 12.00
# Visual Studio Version 17
VisualStudioVersion = 17.7.34221.43
MinimumVisualStudioVersion = 10.0.40219.1
Project("{FAE04EC0-301F-11D3-BF4B-00C04F79EFBC}") = "To-Do-App", "To-Do-App\To-Do-App.csproj", "{6ECC17B9-3ED3-448D-AD8D-DB70E766988A}"
EndProject
Global
	GlobalSection(SolutionConfigurationPlatforms) = preSolution
		Debug|Any CPU = Debug|Any CPU
		Release|Any CPU = Release|Any CPU
	EndGlobalSection
	GlobalSection(ProjectConfigurationPlatforms) = postSolution
		{6ECC17B9-3ED3-448D-AD8D-DB70E766988A}.Debug|Any CPU.ActiveCfg = Debug|Any CPU
		{6ECC17B9-3ED3-448D-AD8D-DB70E766988A}.Debug|Any CPU.Build.0 = Debug|Any CPU
		{6ECC17B9-3ED3-448D-AD8D-DB70E766988A}.Release|Any CPU.ActiveCfg = Release|Any CPU
		{6ECC17B9-3ED3-448D-AD8D-DB70E766988A}.Release|Any CPU.Build.0 = Release|Any CPU
	EndGlobalSection
	GlobalSection(SolutionProperties) = preSolution
		HideSolutionNode = FALSE
	EndGlobalSection
	GlobalSection(ExtensibilityGlobals) = postSolution
		SolutionGuid = {DE85A176-319E-497F-8033-4681C5714012}
	EndGlobalSection
EndGlobal
